
Microsoft Visual Studio Solution File, Format Version 12.00
# Visual Studio Version 17
VisualStudioVersion = 17.11.35312.102
MinimumVisualStudioVersion = 10.0.40219.1
Project("{FAE04EC0-301F-11D3-BF4B-00C04F79EFBC}") = "SudokuSolver", "SudokuSolver\SudokuSolver.csproj", "{A68226A1-485C-4DF7-8048-53C804F636B6}"
EndProject
Global
	GlobalSection(SolutionConfigurationPlatforms) = preSolution
		Debug|Any CPU = Debug|Any CPU
		Release|Any CPU = Release|Any CPU
	EndGlobalSection
	GlobalSection(ProjectConfigurationPlatforms) = postSolution
		{A68226A1-485C-4DF7-8048-53C804F636B6}.Debug|Any CPU.ActiveCfg = Debug|Any CPU
		{A68226A1-485C-4DF7-8048-53C804F636B6}.Debug|Any CPU.Build.0 = Debug|Any CPU
		{A68226A1-485C-4DF7-8048-53C804F636B6}.Release|Any CPU.ActiveCfg = Release|Any CPU
		{A68226A1-485C-4DF7-8048-53C804F636B6}.Release|Any CPU.Build.0 = Release|Any CPU
	EndGlobalSection
	GlobalSection(SolutionProperties) = preSolution
		HideSolutionNode = FALSE
	EndGlobalSection
	GlobalSection(ExtensibilityGlobals) = postSolution
		SolutionGuid = {B4069803-E1E9-4331-9B4E-6D5B1A51B483}
	EndGlobalSection
EndGlobal
